
Microsoft Visual Studio Solution File, Format Version 12.00
# Visual Studio 2012
Project("{FAE04EC0-301F-11D3-BF4B-00C04F79EFBC}") = "GenericMath", "GenericMath\GenericMath.csproj", "{D39A4902-17A5-4FD6-9BEC-67717CB4C9F9}"
EndProject
Global
	GlobalSection(SolutionConfigurationPlatforms) = preSolution
		Debug|Any CPU = Debug|Any CPU
		Release|Any CPU = Release|Any CPU
	EndGlobalSection
	GlobalSection(ProjectConfigurationPlatforms) = postSolution
		{D39A4902-17A5-4FD6-9BEC-67717CB4C9F9}.Debug|Any CPU.ActiveCfg = Debug|Any CPU
		{D39A4902-17A5-4FD6-9BEC-67717CB4C9F9}.Debug|Any CPU.Build.0 = Debug|Any CPU
		{D39A4902-17A5-4FD6-9BEC-67717CB4C9F9}.Release|Any CPU.ActiveCfg = Release|Any CPU
		{D39A4902-17A5-4FD6-9BEC-67717CB4C9F9}.Release|Any CPU.Build.0 = Release|Any CPU
	EndGlobalSection
	GlobalSection(MonoDevelopProperties) = preSolution
		StartupItem = GenericMath\GenericMath.csproj
	EndGlobalSection
EndGlobal
