
Microsoft Visual Studio Solution File, Format Version 12.00
# Visual Studio 2012
Project("{FAE04EC0-301F-11D3-BF4B-00C04F79EFBC}") = "Math.LinearAlgebra", "Math.LinearAlgebra\Math.LinearAlgebra.csproj", "{FA62DC06-710E-4615-9E6F-C5E77D5B3202}"
EndProject
Project("{FAE04EC0-301F-11D3-BF4B-00C04F79EFBC}") = "Math.Base", "..\Math.Base\Math.Base\Math.Base.csproj", "{32112762-A4EA-4A22-8F40-235A366445A9}"
EndProject
Project("{2150E333-8FDC-42A3-9474-1A3956D46DE8}") = "Tests", "Tests", "{FBFCA10E-F192-4A24-918E-5A4BFACDA039}"
EndProject
Project("{FAE04EC0-301F-11D3-BF4B-00C04F79EFBC}") = "Math.Base.Tests", "..\Math.Base\Math.Base.Tests\Math.Base.Tests.csproj", "{AE662243-42D1-4CAA-A0A4-9A60A708F7C3}"
EndProject
Project("{FAE04EC0-301F-11D3-BF4B-00C04F79EFBC}") = "Math.LinearAlgebra.Tests", "Math.LinearAlgebra.Tests\Math.LinearAlgebra.Tests.csproj", "{577920B2-9289-4CC9-8F56-291E9F436495}"
EndProject
Project("{FAE04EC0-301F-11D3-BF4B-00C04F79EFBC}") = "Math.Analysis.Tests", "..\Math.Analysis\Math.Analysis.Tests\Math.Analysis.Tests.csproj", "{57422D4B-3791-4023-AA99-F236C9E68476}"
EndProject
Project("{FAE04EC0-301F-11D3-BF4B-00C04F79EFBC}") = "Math.Analysis", "..\Math.Analysis\Math.Analysis.csproj", "{1974448B-2DDF-4F3A-A044-8D27B97ACBEE}"
EndProject
Global
	GlobalSection(SolutionConfigurationPlatforms) = preSolution
		Debug|Any CPU = Debug|Any CPU
		Release|Any CPU = Release|Any CPU
	EndGlobalSection
	GlobalSection(ProjectConfigurationPlatforms) = postSolution
		{1974448B-2DDF-4F3A-A044-8D27B97ACBEE}.Debug|Any CPU.ActiveCfg = Debug|Any CPU
		{1974448B-2DDF-4F3A-A044-8D27B97ACBEE}.Debug|Any CPU.Build.0 = Debug|Any CPU
		{1974448B-2DDF-4F3A-A044-8D27B97ACBEE}.Release|Any CPU.ActiveCfg = Release|Any CPU
		{1974448B-2DDF-4F3A-A044-8D27B97ACBEE}.Release|Any CPU.Build.0 = Release|Any CPU
		{32112762-A4EA-4A22-8F40-235A366445A9}.Debug|Any CPU.ActiveCfg = Debug|Any CPU
		{32112762-A4EA-4A22-8F40-235A366445A9}.Debug|Any CPU.Build.0 = Debug|Any CPU
		{32112762-A4EA-4A22-8F40-235A366445A9}.Release|Any CPU.ActiveCfg = Release|Any CPU
		{32112762-A4EA-4A22-8F40-235A366445A9}.Release|Any CPU.Build.0 = Release|Any CPU
		{57422D4B-3791-4023-AA99-F236C9E68476}.Debug|Any CPU.ActiveCfg = Debug|Any CPU
		{57422D4B-3791-4023-AA99-F236C9E68476}.Debug|Any CPU.Build.0 = Debug|Any CPU
		{57422D4B-3791-4023-AA99-F236C9E68476}.Release|Any CPU.ActiveCfg = Release|Any CPU
		{57422D4B-3791-4023-AA99-F236C9E68476}.Release|Any CPU.Build.0 = Release|Any CPU
		{577920B2-9289-4CC9-8F56-291E9F436495}.Debug|Any CPU.ActiveCfg = Debug|Any CPU
		{577920B2-9289-4CC9-8F56-291E9F436495}.Debug|Any CPU.Build.0 = Debug|Any CPU
		{577920B2-9289-4CC9-8F56-291E9F436495}.Release|Any CPU.ActiveCfg = Release|Any CPU
		{577920B2-9289-4CC9-8F56-291E9F436495}.Release|Any CPU.Build.0 = Release|Any CPU
		{AE662243-42D1-4CAA-A0A4-9A60A708F7C3}.Debug|Any CPU.ActiveCfg = Debug|Any CPU
		{AE662243-42D1-4CAA-A0A4-9A60A708F7C3}.Debug|Any CPU.Build.0 = Debug|Any CPU
		{AE662243-42D1-4CAA-A0A4-9A60A708F7C3}.Release|Any CPU.ActiveCfg = Release|Any CPU
		{AE662243-42D1-4CAA-A0A4-9A60A708F7C3}.Release|Any CPU.Build.0 = Release|Any CPU
		{FA62DC06-710E-4615-9E6F-C5E77D5B3202}.Debug|Any CPU.ActiveCfg = Debug|Any CPU
		{FA62DC06-710E-4615-9E6F-C5E77D5B3202}.Debug|Any CPU.Build.0 = Debug|Any CPU
		{FA62DC06-710E-4615-9E6F-C5E77D5B3202}.Release|Any CPU.ActiveCfg = Release|Any CPU
		{FA62DC06-710E-4615-9E6F-C5E77D5B3202}.Release|Any CPU.Build.0 = Release|Any CPU
		{D0E4103A-915C-48FA-A6C8-1283ABBD806B}.Debug|Any CPU.ActiveCfg = Debug|Any CPU
		{D0E4103A-915C-48FA-A6C8-1283ABBD806B}.Debug|Any CPU.Build.0 = Debug|Any CPU
		{D0E4103A-915C-48FA-A6C8-1283ABBD806B}.Release|Any CPU.ActiveCfg = Release|Any CPU
		{D0E4103A-915C-48FA-A6C8-1283ABBD806B}.Release|Any CPU.Build.0 = Release|Any CPU
	EndGlobalSection
	GlobalSection(NestedProjects) = preSolution
		{AE662243-42D1-4CAA-A0A4-9A60A708F7C3} = {FBFCA10E-F192-4A24-918E-5A4BFACDA039}
		{577920B2-9289-4CC9-8F56-291E9F436495} = {FBFCA10E-F192-4A24-918E-5A4BFACDA039}
		{57422D4B-3791-4023-AA99-F236C9E68476} = {FBFCA10E-F192-4A24-918E-5A4BFACDA039}
	EndGlobalSection
	GlobalSection(MonoDevelopProperties) = preSolution
		StartupItem = Math.LinearAlgebra\Math.LinearAlgebra.csproj
	EndGlobalSection
EndGlobal
